
Microsoft Visual Studio Solution File, Format Version 12.00
# Visual Studio Version 16
VisualStudioVersion = 16.0.31019.35
MinimumVisualStudioVersion = 10.0.40219.1
Project("{9A19103F-16F7-4668-BE54-9A1E7A4F7556}") = "template.Web", "template.Web\template.Web.csproj", "{30285940-D699-49E3-993D-B6415EE7E54F}"
EndProject
Project("{9A19103F-16F7-4668-BE54-9A1E7A4F7556}") = "template.Core", "template.Core\template.Core.csproj", "{D49AC275-C827-4B2C-8B57-7B4260DCC44F}"
EndProject
Project("{9A19103F-16F7-4668-BE54-9A1E7A4F7556}") = "template.Domain", "template.Domain\template.Domain.csproj", "{E16688C9-7221-4BA4-910C-BD5928950B2B}"
EndProject
Project("{00D1A9C2-B5F0-4AF3-8072-F6C62B433612}") = "template.Database", "template.Database\template.Database.sqlproj", "{BC6EBFFC-324F-4AA9-836B-E8A5F0908D39}"
EndProject
Global
	GlobalSection(SolutionConfigurationPlatforms) = preSolution
		Debug|Any CPU = Debug|Any CPU
		Release|Any CPU = Release|Any CPU
	EndGlobalSection
	GlobalSection(ProjectConfigurationPlatforms) = postSolution
		{30285940-D699-49E3-993D-B6415EE7E54F}.Debug|Any CPU.ActiveCfg = Debug|Any CPU
		{30285940-D699-49E3-993D-B6415EE7E54F}.Debug|Any CPU.Build.0 = Debug|Any CPU
		{30285940-D699-49E3-993D-B6415EE7E54F}.Release|Any CPU.ActiveCfg = Release|Any CPU
		{30285940-D699-49E3-993D-B6415EE7E54F}.Release|Any CPU.Build.0 = Release|Any CPU
		{D49AC275-C827-4B2C-8B57-7B4260DCC44F}.Debug|Any CPU.ActiveCfg = Debug|Any CPU
		{D49AC275-C827-4B2C-8B57-7B4260DCC44F}.Debug|Any CPU.Build.0 = Debug|Any CPU
		{D49AC275-C827-4B2C-8B57-7B4260DCC44F}.Release|Any CPU.ActiveCfg = Release|Any CPU
		{D49AC275-C827-4B2C-8B57-7B4260DCC44F}.Release|Any CPU.Build.0 = Release|Any CPU
		{E16688C9-7221-4BA4-910C-BD5928950B2B}.Debug|Any CPU.ActiveCfg = Debug|Any CPU
		{E16688C9-7221-4BA4-910C-BD5928950B2B}.Debug|Any CPU.Build.0 = Debug|Any CPU
		{E16688C9-7221-4BA4-910C-BD5928950B2B}.Release|Any CPU.ActiveCfg = Release|Any CPU
		{E16688C9-7221-4BA4-910C-BD5928950B2B}.Release|Any CPU.Build.0 = Release|Any CPU
		{BC6EBFFC-324F-4AA9-836B-E8A5F0908D39}.Debug|Any CPU.ActiveCfg = Debug|Any CPU
		{BC6EBFFC-324F-4AA9-836B-E8A5F0908D39}.Debug|Any CPU.Build.0 = Debug|Any CPU
		{BC6EBFFC-324F-4AA9-836B-E8A5F0908D39}.Debug|Any CPU.Deploy.0 = Debug|Any CPU
		{BC6EBFFC-324F-4AA9-836B-E8A5F0908D39}.Release|Any CPU.ActiveCfg = Release|Any CPU
		{BC6EBFFC-324F-4AA9-836B-E8A5F0908D39}.Release|Any CPU.Build.0 = Release|Any CPU
		{BC6EBFFC-324F-4AA9-836B-E8A5F0908D39}.Release|Any CPU.Deploy.0 = Release|Any CPU
	EndGlobalSection
	GlobalSection(SolutionProperties) = preSolution
		HideSolutionNode = FALSE
	EndGlobalSection
	GlobalSection(ExtensibilityGlobals) = postSolution
		SolutionGuid = {D84F25FA-FA48-4512-9085-3AF64E82025C}
	EndGlobalSection
EndGlobal
